PODS:
  - AFNetworking (1.0RC1)
  - ISO8601DateFormatter (0.6)
  - JSONKit (1.5pre)
  - MBProgressHUD (0.5)
  - MagicalRecord (2.0.3)
  - MessagePack (1.0.0)
  - Reachability (3.0.0)
  - SDURLCache (1.2)
  - SVPullToRefresh (0.1)
  - TPKeyboardAvoiding (0.0.1)
  - TestFlightSDK (1.0)

DEPENDENCIES:
  - AFNetworking (~> 1.0RC1)
  - ISO8601DateFormatter (~> 0.6)
  - JSONKit (~> 1.4)
  - MBProgressHUD (~> 0.5)
  - MagicalRecord (~> 2.0.3)
  - MessagePack (~> 1.0.0)
  - Reachability (~> 3.0.0)
  - SDURLCache (~> 1.2)
  - SVPullToRefresh (~> 0.1)
  - TPKeyboardAvoiding (~> 0.0.1)
  - TestFlightSDK (~> 1.0)
